
Microsoft Visual Studio Solution File, Format Version 12.00
# Visual Studio Version 16
VisualStudioVersion = 25.0.1704.2
MinimumVisualStudioVersion = 10.0.40219.1
Project("{FAE04EC0-301F-11D3-BF4B-00C04F79EFBC}") = "ProductionReady_01", "ProductionReady_01.csproj", "{98BFC164-F420-4264-8DA7-CB1C969B1C49}"
EndProject
Global
	GlobalSection(SolutionConfigurationPlatforms) = preSolution
		Debug|Any CPU = Debug|Any CPU
		Release|Any CPU = Release|Any CPU
	EndGlobalSection
	GlobalSection(ProjectConfigurationPlatforms) = postSolution
		{98BFC164-F420-4264-8DA7-CB1C969B1C49}.Debug|Any CPU.ActiveCfg = Debug|Any CPU
		{98BFC164-F420-4264-8DA7-CB1C969B1C49}.Debug|Any CPU.Build.0 = Debug|Any CPU
		{98BFC164-F420-4264-8DA7-CB1C969B1C49}.Release|Any CPU.ActiveCfg = Release|Any CPU
		{98BFC164-F420-4264-8DA7-CB1C969B1C49}.Release|Any CPU.Build.0 = Release|Any CPU
	EndGlobalSection
	GlobalSection(SolutionProperties) = preSolution
		HideSolutionNode = FALSE
	EndGlobalSection
	GlobalSection(ExtensibilityGlobals) = postSolution
		SolutionGuid = {351918A3-081D-43E7-AE54-3A4BA2B45C8D}
	EndGlobalSection
EndGlobal
